// !$*UTF8*$!
{
	archiveVersion = 1;
	classes = {
	};
	objectVersion = 56;
	objects = {

/* Begin PBXBuildFile section */
		62BF5BD32BE40F930086FFB0 /* CreatePage.swift in Sources */ = {isa = PBXBuildFile; fileRef = 62BF5BD22BE40F930086FFB0 /* CreatePage.swift */; };
		62BF5BD52BE40F9E0086FFB0 /* SettingsPage.swift in Sources */ = {isa = PBXBuildFile; fileRef = 62BF5BD42BE40F9E0086FFB0 /* SettingsPage.swift */; };
		62BF5BD82BE414CA0086FFB0 /* Pages in Frameworks */ = {isa = PBXBuildFile; productRef = 62BF5BD72BE414CA0086FFB0 /* Pages */; };
		62BF5BDA2BE414D40086FFB0 /* PageView.swift in Sources */ = {isa = PBXBuildFile; fileRef = 62BF5BD92BE414D40086FFB0 /* PageView.swift */; };
		62BF5BDC2BE55A210086FFB0 /* PeelEffect.swift in Sources */ = {isa = PBXBuildFile; fileRef = 62BF5BDB2BE55A210086FFB0 /* PeelEffect.swift */; };
		62FF24FD2BE17ED9008FF68E /* DiscomfortAppApp.swift in Sources */ = {isa = PBXBuildFile; fileRef = 62FF24FC2BE17ED9008FF68E /* DiscomfortAppApp.swift */; };
		62FF24FF2BE17ED9008FF68E /* MainView.swift in Sources */ = {isa = PBXBuildFile; fileRef = 62FF24FE2BE17ED9008FF68E /* MainView.swift */; };
		62FF25012BE17EDD008FF68E /* Assets.xcassets in Resources */ = {isa = PBXBuildFile; fileRef = 62FF25002BE17EDD008FF68E /* Assets.xcassets */; };
		62FF25042BE17EDD008FF68E /* Preview Assets.xcassets in Resources */ = {isa = PBXBuildFile; fileRef = 62FF25032BE17EDD008FF68E /* Preview Assets.xcassets */; };
		62FF250B2BE17F2D008FF68E /* ViewModel.swift in Sources */ = {isa = PBXBuildFile; fileRef = 62FF250A2BE17F2D008FF68E /* ViewModel.swift */; };
		62FF25102BE182D4008FF68E /* Model.swift in Sources */ = {isa = PBXBuildFile; fileRef = 62FF250F2BE182D4008FF68E /* Model.swift */; };
		62FF25122BE18307008FF68E /* Onboarding.swift in Sources */ = {isa = PBXBuildFile; fileRef = 62FF25112BE18307008FF68E /* Onboarding.swift */; };
/* End PBXBuildFile section */

/* Begin PBXFileReference section */
		62BF5BD22BE40F930086FFB0 /* CreatePage.swift */ = {isa = PBXFileReference; lastKnownFileType = sourcecode.swift; path = CreatePage.swift; sourceTree = "<group>"; };
		62BF5BD42BE40F9E0086FFB0 /* SettingsPage.swift */ = {isa = PBXFileReference; lastKnownFileType = sourcecode.swift; path = SettingsPage.swift; sourceTree = "<group>"; };
		62BF5BD92BE414D40086FFB0 /* PageView.swift */ = {isa = PBXFileReference; lastKnownFileType = sourcecode.swift; path = PageView.swift; sourceTree = "<group>"; };
		62BF5BDB2BE55A210086FFB0 /* PeelEffect.swift */ = {isa = PBXFileReference; lastKnownFileType = sourcecode.swift; path = PeelEffect.swift; sourceTree = "<group>"; };
		62FF24F92BE17ED9008FF68E /* DiscomfortApp.app */ = {isa = PBXFileReference; explicitFileType = wrapper.application; includeInIndex = 0; path = DiscomfortApp.app; sourceTree = BUILT_PRODUCTS_DIR; };
		62FF24FC2BE17ED9008FF68E /* DiscomfortAppApp.swift */ = {isa = PBXFileReference; lastKnownFileType = sourcecode.swift; path = DiscomfortAppApp.swift; sourceTree = "<group>"; };
		62FF24FE2BE17ED9008FF68E /* MainView.swift */ = {isa = PBXFileReference; lastKnownFileType = sourcecode.swift; path = MainView.swift; sourceTree = "<group>"; };
		62FF25002BE17EDD008FF68E /* Assets.xcassets */ = {isa = PBXFileReference; lastKnownFileType = folder.assetcatalog; path = Assets.xcassets; sourceTree = "<group>"; };
		62FF25032BE17EDD008FF68E /* Preview Assets.xcassets */ = {isa = PBXFileReference; lastKnownFileType = folder.assetcatalog; path = "Preview Assets.xcassets"; sourceTree = "<group>"; };
		62FF250A2BE17F2D008FF68E /* ViewModel.swift */ = {isa = PBXFileReference; lastKnownFileType = sourcecode.swift; path = ViewModel.swift; sourceTree = "<group>"; };
		62FF250F2BE182D4008FF68E /* Model.swift */ = {isa = PBXFileReference; lastKnownFileType = sourcecode.swift; path = Model.swift; sourceTree = "<group>"; };
		62FF25112BE18307008FF68E /* Onboarding.swift */ = {isa = PBXFileReference; lastKnownFileType = sourcecode.swift; path = Onboarding.swift; sourceTree = "<group>"; };
/* End PBXFileReference section */

/* Begin PBXFrameworksBuildPhase section */
		62FF24F62BE17ED9008FF68E /* Frameworks */ = {
			isa = PBXFrameworksBuildPhase;
			buildActionMask = 2147483647;
			files = (
				62BF5BD82BE414CA0086FFB0 /* Pages in Frameworks */,
			);
			runOnlyForDeploymentPostprocessing = 0;
		};
/* End PBXFrameworksBuildPhase section */

/* Begin PBXGroup section */
		62FF24F02BE17ED9008FF68E = {
			isa = PBXGroup;
			children = (
				62FF250E2BE18277008FF68E /* Model */,
				62FF250D2BE1826F008FF68E /* ViewModel */,
				62FF250C2BE18268008FF68E /* Views */,
				62FF24FB2BE17ED9008FF68E /* DiscomfortApp */,
				62FF24FA2BE17ED9008FF68E /* Products */,
			);
			sourceTree = "<group>";
		};
		62FF24FA2BE17ED9008FF68E /* Products */ = {
			isa = PBXGroup;
			children = (
				62FF24F92BE17ED9008FF68E /* DiscomfortApp.app */,
			);
			name = Products;
			sourceTree = "<group>";
		};
		62FF24FB2BE17ED9008FF68E /* DiscomfortApp */ = {
			isa = PBXGroup;
			children = (
				62FF24FC2BE17ED9008FF68E /* DiscomfortAppApp.swift */,
				62FF25002BE17EDD008FF68E /* Assets.xcassets */,
				62FF25022BE17EDD008FF68E /* Preview Content */,
			);
			path = DiscomfortApp;
			sourceTree = "<group>";
		};
		62FF25022BE17EDD008FF68E /* Preview Content */ = {
			isa = PBXGroup;
			children = (
				62FF25032BE17EDD008FF68E /* Preview Assets.xcassets */,
			);
			path = "Preview Content";
			sourceTree = "<group>";
		};
		62FF250C2BE18268008FF68E /* Views */ = {
			isa = PBXGroup;
			children = (
				62FF24FE2BE17ED9008FF68E /* MainView.swift */,
				62FF25112BE18307008FF68E /* Onboarding.swift */,
				62BF5BD22BE40F930086FFB0 /* CreatePage.swift */,
				62BF5BD42BE40F9E0086FFB0 /* SettingsPage.swift */,
				62BF5BD92BE414D40086FFB0 /* PageView.swift */,
				62BF5BDB2BE55A210086FFB0 /* PeelEffect.swift */,
			);
			path = Views;
			sourceTree = "<group>";
		};
		62FF250D2BE1826F008FF68E /* ViewModel */ = {
			isa = PBXGroup;
			children = (
				62FF250A2BE17F2D008FF68E /* ViewModel.swift */,
			);
			path = ViewModel;
			sourceTree = "<group>";
		};
		62FF250E2BE18277008FF68E /* Model */ = {
			isa = PBXGroup;
			children = (
				62FF250F2BE182D4008FF68E /* Model.swift */,
			);
			path = Model;
			sourceTree = "<group>";
		};
/* End PBXGroup section */

/* Begin PBXNativeTarget section */
		62FF24F82BE17ED9008FF68E /* DiscomfortApp */ = {
			isa = PBXNativeTarget;
			buildConfigurationList = 62FF25072BE17EDD008FF68E /* Build configuration list for PBXNativeTarget "DiscomfortApp" */;
			buildPhases = (
				62FF24F52BE17ED9008FF68E /* Sources */,
				62FF24F62BE17ED9008FF68E /* Frameworks */,
				62FF24F72BE17ED9008FF68E /* Resources */,
			);
			buildRules = (
			);
			dependencies = (
			);
			name = DiscomfortApp;
			packageProductDependencies = (
				62BF5BD72BE414CA0086FFB0 /* Pages */,
			);
			productName = DiscomfortApp;
			productReference = 62FF24F92BE17ED9008FF68E /* DiscomfortApp.app */;
			productType = "com.apple.product-type.application";
		};
/* End PBXNativeTarget section */

/* Begin PBXProject section */
		62FF24F12BE17ED9008FF68E /* Project object */ = {
			isa = PBXProject;
			attributes = {
				BuildIndependentTargetsInParallel = 1;
				LastSwiftUpdateCheck = 1520;
				LastUpgradeCheck = 1520;
				TargetAttributes = {
					62FF24F82BE17ED9008FF68E = {
						CreatedOnToolsVersion = 15.2;
					};
				};
			};
			buildConfigurationList = 62FF24F42BE17ED9008FF68E /* Build configuration list for PBXProject "DiscomfortApp" */;
			compatibilityVersion = "Xcode 14.0";
			developmentRegion = en;
			hasScannedForEncodings = 0;
			knownRegions = (
				en,
				Base,
			);
			mainGroup = 62FF24F02BE17ED9008FF68E;
			packageReferences = (
				62BF5BD62BE414CA0086FFB0 /* XCRemoteSwiftPackageReference "Pages" */,
			);
			productRefGroup = 62FF24FA2BE17ED9008FF68E /* Products */;
			projectDirPath = "";
			projectRoot = "";
			targets = (
				62FF24F82BE17ED9008FF68E /* DiscomfortApp */,
			);
		};
/* End PBXProject section */

/* Begin PBXResourcesBuildPhase section */
		62FF24F72BE17ED9008FF68E /* Resources */ = {
			isa = PBXResourcesBuildPhase;
			buildActionMask = 2147483647;
			files = (
				62FF25042BE17EDD008FF68E /* Preview Assets.xcassets in Resources */,
				62FF25012BE17EDD008FF68E /* Assets.xcassets in Resources */,
			);
			runOnlyForDeploymentPostprocessing = 0;
		};
/* End PBXResourcesBuildPhase section */

/* Begin PBXSourcesBuildPhase section */
		62FF24F52BE17ED9008FF68E /* Sources */ = {
			isa = PBXSourcesBuildPhase;
			buildActionMask = 2147483647;
			files = (
				62BF5BD32BE40F930086FFB0 /* CreatePage.swift in Sources */,
				62BF5BDA2BE414D40086FFB0 /* PageView.swift in Sources */,
				62BF5BDC2BE55A210086FFB0 /* PeelEffect.swift in Sources */,
				62FF24FF2BE17ED9008FF68E /* MainView.swift in Sources */,
				62FF250B2BE17F2D008FF68E /* ViewModel.swift in Sources */,
				62FF25122BE18307008FF68E /* Onboarding.swift in Sources */,
				62FF24FD2BE17ED9008FF68E /* DiscomfortAppApp.swift in Sources */,
				62BF5BD52BE40F9E0086FFB0 /* SettingsPage.swift in Sources */,
				62FF25102BE182D4008FF68E /* Model.swift in Sources */,
			);
			runOnlyForDeploymentPostprocessing = 0;
		};
/* End PBXSourcesBuildPhase section */

/* Begin XCBuildConfiguration section */
		62FF25052BE17EDD008FF68E /* Debug */ = {
			isa = XCBuildConfiguration;
			buildSettings = {
				ALWAYS_SEARCH_USER_PATHS = NO;
				ASSETCATALOG_COMPILER_GENERATE_SWIFT_ASSET_SYMBOL_EXTENSIONS = YES;
				CLANG_ANALYZER_NONNULL = YES;
				CLANG_ANALYZER_NUMBER_OBJECT_CONVERSION = YES_AGGRESSIVE;
				CLANG_CXX_LANGUAGE_STANDARD = "gnu++20";
				CLANG_ENABLE_MODULES = YES;
				CLANG_ENABLE_OBJC_ARC = YES;
				CLANG_ENABLE_OBJC_WEAK = YES;
				CLANG_WARN_BLOCK_CAPTURE_AUTORELEASING = YES;
				CLANG_WARN_BOOL_CONVERSION = YES;
				CLANG_WARN_COMMA = YES;
				CLANG_WARN_CONSTANT_CONVERSION = YES;
				CLANG_WARN_DEPRECATED_OBJC_IMPLEMENTATIONS = YES;
				CLANG_WARN_DIRECT_OBJC_ISA_USAGE = YES_ERROR;
				CLANG_WARN_DOCUMENTATION_COMMENTS = YES;
				CLANG_WARN_EMPTY_BODY = YES;
				CLANG_WARN_ENUM_CONVERSION = YES;
				CLANG_WARN_INFINITE_RECURSION = YES;
				CLANG_WARN_INT_CONVERSION = YES;
				CLANG_WARN_NON_LITERAL_NULL_CONVERSION = YES;
				CLANG_WARN_OBJC_IMPLICIT_RETAIN_SELF = YES;
				CLANG_WARN_OBJC_LITERAL_CONVERSION = YES;
				CLANG_WARN_OBJC_ROOT_CLASS = YES_ERROR;
				CLANG_WARN_QUOTED_INCLUDE_IN_FRAMEWORK_HEADER = YES;
				CLANG_WARN_RANGE_LOOP_ANALYSIS = YES;
				CLANG_WARN_STRICT_PROTOTYPES = YES;
				CLANG_WARN_SUSPICIOUS_MOVE = YES;
				CLANG_WARN_UNGUARDED_AVAILABILITY = YES_AGGRESSIVE;
				CLANG_WARN_UNREACHABLE_CODE = YES;
				CLANG_WARN__DUPLICATE_METHOD_MATCH = YES;
				COPY_PHASE_STRIP = NO;
				DEBUG_INFORMATION_FORMAT = dwarf;
				ENABLE_STRICT_OBJC_MSGSEND = YES;
				ENABLE_TESTABILITY = YES;
				ENABLE_USER_SCRIPT_SANDBOXING = YES;
				GCC_C_LANGUAGE_STANDARD = gnu17;
				GCC_DYNAMIC_NO_PIC = NO;
				GCC_NO_COMMON_BLOCKS = YES;
				GCC_OPTIMIZATION_LEVEL = 0;
				GCC_PREPROCESSOR_DEFINITIONS = (
					"DEBUG=1",
					"$(inherited)",
				);
				GCC_WARN_64_TO_32_BIT_CONVERSION = YES;
				GCC_WARN_ABOUT_RETURN_TYPE = YES_ERROR;
				GCC_WARN_UNDECLARED_SELECTOR = YES;
				GCC_WARN_UNINITIALIZED_AUTOS = YES_AGGRESSIVE;
				GCC_WARN_UNUSED_FUNCTION = YES;
				GCC_WARN_UNUSED_VARIABLE = YES;
				IPHONEOS_DEPLOYMENT_TARGET = 17.2;
				LOCALIZATION_PREFERS_STRING_CATALOGS = YES;
				MTL_ENABLE_DEBUG_INFO = INCLUDE_SOURCE;
				MTL_FAST_MATH = YES;
				ONLY_ACTIVE_ARCH = YES;
				SDKROOT = iphoneos;
				SWIFT_ACTIVE_COMPILATION_CONDITIONS = "DEBUG $(inherited)";
				SWIFT_OPTIMIZATION_LEVEL = "-Onone";
			};
			name = Debug;
		};
		62FF25062BE17EDD008FF68E /* Release */ = {
			isa = XCBuildConfiguration;
			buildSettings = {
				ALWAYS_SEARCH_USER_PATHS = NO;
				ASSETCATALOG_COMPILER_GENERATE_SWIFT_ASSET_SYMBOL_EXTENSIONS = YES;
				CLANG_ANALYZER_NONNULL = YES;
				CLANG_ANALYZER_NUMBER_OBJECT_CONVERSION = YES_AGGRESSIVE;
				CLANG_CXX_LANGUAGE_STANDARD = "gnu++20";
				CLANG_ENABLE_MODULES = YES;
				CLANG_ENABLE_OBJC_ARC = YES;
				CLANG_ENABLE_OBJC_WEAK = YES;
				CLANG_WARN_BLOCK_CAPTURE_AUTORELEASING = YES;
				CLANG_WARN_BOOL_CONVERSION = YES;
				CLANG_WARN_COMMA = YES;
				CLANG_WARN_CONSTANT_CONVERSION = YES;
				CLANG_WARN_DEPRECATED_OBJC_IMPLEMENTATIONS = YES;
				CLANG_WARN_DIRECT_OBJC_ISA_USAGE = YES_ERROR;
				CLANG_WARN_DOCUMENTATION_COMMENTS = YES;
				CLANG_WARN_EMPTY_BODY = YES;
				CLANG_WARN_ENUM_CONVERSION = YES;
				CLANG_WARN_INFINITE_RECURSION = YES;
				CLANG_WARN_INT_CONVERSION = YES;
				CLANG_WARN_NON_LITERAL_NULL_CONVERSION = YES;
				CLANG_WARN_OBJC_IMPLICIT_RETAIN_SELF = YES;
				CLANG_WARN_OBJC_LITERAL_CONVERSION = YES;
				CLANG_WARN_OBJC_ROOT_CLASS = YES_ERROR;
				CLANG_WARN_QUOTED_INCLUDE_IN_FRAMEWORK_HEADER = YES;
				CLANG_WARN_RANGE_LOOP_ANALYSIS = YES;
				CLANG_WARN_STRICT_PROTOTYPES = YES;
				CLANG_WARN_SUSPICIOUS_MOVE = YES;
				CLANG_WARN_UNGUARDED_AVAILABILITY = YES_AGGRESSIVE;
				CLANG_WARN_UNREACHABLE_CODE = YES;
				CLANG_WARN__DUPLICATE_METHOD_MATCH = YES;
				COPY_PHASE_STRIP = NO;
				DEBUG_INFORMATION_FORMAT = "dwarf-with-dsym";
				ENABLE_NS_ASSERTIONS = NO;
				ENABLE_STRICT_OBJC_MSGSEND = YES;
				ENABLE_USER_SCRIPT_SANDBOXING = YES;
				GCC_C_LANGUAGE_STANDARD = gnu17;
				GCC_NO_COMMON_BLOCKS = YES;
				GCC_WARN_64_TO_32_BIT_CONVERSION = YES;
				GCC_WARN_ABOUT_RETURN_TYPE = YES_ERROR;
				GCC_WARN_UNDECLARED_SELECTOR = YES;
				GCC_WARN_UNINITIALIZED_AUTOS = YES_AGGRESSIVE;
				GCC_WARN_UNUSED_FUNCTION = YES;
				GCC_WARN_UNUSED_VARIABLE = YES;
				IPHONEOS_DEPLOYMENT_TARGET = 17.2;
				LOCALIZATION_PREFERS_STRING_CATALOGS = YES;
				MTL_ENABLE_DEBUG_INFO = NO;
				MTL_FAST_MATH = YES;
				SDKROOT = iphoneos;
				SWIFT_COMPILATION_MODE = wholemodule;
				VALIDATE_PRODUCT = YES;
			};
			name = Release;
		};
		62FF25082BE17EDD008FF68E /* Debug */ = {
			isa = XCBuildConfiguration;
			buildSettings = {
				ASSETCATALOG_COMPILER_APPICON_NAME = AppIcon;
				ASSETCATALOG_COMPILER_GLOBAL_ACCENT_COLOR_NAME = AccentColor;
				CODE_SIGN_STYLE = Automatic;
				CURRENT_PROJECT_VERSION = 1;
				DEVELOPMENT_ASSET_PATHS = "\"DiscomfortApp/Preview Content\"";
				DEVELOPMENT_TEAM = PBX6J6U58R;
				ENABLE_PREVIEWS = YES;
				GENERATE_INFOPLIST_FILE = YES;
				INFOPLIST_KEY_UIApplicationSceneManifest_Generation = YES;
				INFOPLIST_KEY_UIApplicationSupportsIndirectInputEvents = YES;
				INFOPLIST_KEY_UILaunchScreen_Generation = YES;
				INFOPLIST_KEY_UISupportedInterfaceOrientations_iPad = "UIInterfaceOrientationPortrait UIInterfaceOrientationPortraitUpsideDown UIInterfaceOrientationLandscapeLeft UIInterfaceOrientationLandscapeRight";
				INFOPLIST_KEY_UISupportedInterfaceOrientations_iPhone = "UIInterfaceOrientationPortrait UIInterfaceOrientationLandscapeLeft UIInterfaceOrientationLandscapeRight";
				LD_RUNPATH_SEARCH_PATHS = (
					"$(inherited)",
					"@executable_path/Frameworks",
				);
				MARKETING_VERSION = 1.0;
				PRODUCT_BUNDLE_IDENTIFIER = com.Khafaajii.DiscomfortApp;
				PRODUCT_NAME = "$(TARGET_NAME)";
				SWIFT_EMIT_LOC_STRINGS = YES;
				SWIFT_VERSION = 5.0;
				TARGETED_DEVICE_FAMILY = "1,2";
			};
			name = Debug;
		};
		62FF25092BE17EDD008FF68E /* Release */ = {
			isa = XCBuildConfiguration;
			buildSettings = {
				ASSETCATALOG_COMPILER_APPICON_NAME = AppIcon;
				ASSETCATALOG_COMPILER_GLOBAL_ACCENT_COLOR_NAME = AccentColor;
				CODE_SIGN_STYLE = Automatic;
				CURRENT_PROJECT_VERSION = 1;
				DEVELOPMENT_ASSET_PATHS = "\"DiscomfortApp/Preview Content\"";
				DEVELOPMENT_TEAM = PBX6J6U58R;
				ENABLE_PREVIEWS = YES;
				GENERATE_INFOPLIST_FILE = YES;
				INFOPLIST_KEY_UIApplicationSceneManifest_Generation = YES;
				INFOPLIST_KEY_UIApplicationSupportsIndirectInputEvents = YES;
				INFOPLIST_KEY_UILaunchScreen_Generation = YES;
				INFOPLIST_KEY_UISupportedInterfaceOrientations_iPad = "UIInterfaceOrientationPortrait UIInterfaceOrientationPortraitUpsideDown UIInterfaceOrientationLandscapeLeft UIInterfaceOrientationLandscapeRight";
				INFOPLIST_KEY_UISupportedInterfaceOrientations_iPhone = "UIInterfaceOrientationPortrait UIInterfaceOrientationLandscapeLeft UIInterfaceOrientationLandscapeRight";
				LD_RUNPATH_SEARCH_PATHS = (
					"$(inherited)",
					"@executable_path/Frameworks",
				);
				MARKETING_VERSION = 1.0;
				PRODUCT_BUNDLE_IDENTIFIER = com.Khafaajii.DiscomfortApp;
				PRODUCT_NAME = "$(TARGET_NAME)";
				SWIFT_EMIT_LOC_STRINGS = YES;
				SWIFT_VERSION = 5.0;
				TARGETED_DEVICE_FAMILY = "1,2";
			};
			name = Release;
		};
/* End XCBuildConfiguration section */

/* Begin XCConfigurationList section */
		62FF24F42BE17ED9008FF68E /* Build configuration list for PBXProject "DiscomfortApp" */ = {
			isa = XCConfigurationList;
			buildConfigurations = (
				62FF25052BE17EDD008FF68E /* Debug */,
				62FF25062BE17EDD008FF68E /* Release */,
			);
			defaultConfigurationIsVisible = 0;
			defaultConfigurationName = Release;
		};
		62FF25072BE17EDD008FF68E /* Build configuration list for PBXNativeTarget "DiscomfortApp" */ = {
			isa = XCConfigurationList;
			buildConfigurations = (
				62FF25082BE17EDD008FF68E /* Debug */,
				62FF25092BE17EDD008FF68E /* Release */,
			);
			defaultConfigurationIsVisible = 0;
			defaultConfigurationName = Release;
		};
/* End XCConfigurationList section */

/* Begin XCRemoteSwiftPackageReference section */
		62BF5BD62BE414CA0086FFB0 /* XCRemoteSwiftPackageReference "Pages" */ = {
			isa = XCRemoteSwiftPackageReference;
			repositoryURL = "https://github.com/nachonavarro/Pages";
			requirement = {
				kind = upToNextMajorVersion;
				minimumVersion = 0.1.5;
			};
		};
/* End XCRemoteSwiftPackageReference section */

/* Begin XCSwiftPackageProductDependency section */
		62BF5BD72BE414CA0086FFB0 /* Pages */ = {
			isa = XCSwiftPackageProductDependency;
			package = 62BF5BD62BE414CA0086FFB0 /* XCRemoteSwiftPackageReference "Pages" */;
			productName = Pages;
		};
/* End XCSwiftPackageProductDependency section */
	};
	rootObject = 62FF24F12BE17ED9008FF68E /* Project object */;
}
